
Microsoft Visual Studio Solution File, Format Version 12.00
# Visual Studio Version 17
VisualStudioVersion = 17.14.36414.22
MinimumVisualStudioVersion = 10.0.40219.1
Project("{FAE04EC0-301F-11D3-BF4B-00C04F79EFBC}") = "SmartCareAPI", "SmartCareAPI\SmartCareAPI.csproj", "{30314FD3-0E0F-4F86-A45A-D1F8CE994D68}"
EndProject
Project("{2150E333-8FDC-42A3-9474-1A3956D46DE8}") = "Solution Items", "Solution Items", "{02EA681E-C7D8-13C7-8484-4AC65E1B71E8}"
	ProjectSection(SolutionItems) = preProject
		.editorconfig = .editorconfig
	EndProjectSection
EndProject
Project("{2150E333-8FDC-42A3-9474-1A3956D46DE8}") = "ApplicationCoreLayer", "ApplicationCoreLayer", "{21C6E795-F4E5-4BFD-A9EF-AF2509BF817F}"
EndProject
Project("{2150E333-8FDC-42A3-9474-1A3956D46DE8}") = "InfrastructerLayer", "InfrastructerLayer", "{5AB3F62B-13DF-4DDA-B4A4-8E020162498D}"
EndProject
Project("{2150E333-8FDC-42A3-9474-1A3956D46DE8}") = "PresentaionLayer", "PresentaionLayer", "{C70A8F95-0F94-426C-8CCC-7A146497CC89}"
EndProject
Project("{FAE04EC0-301F-11D3-BF4B-00C04F79EFBC}") = "LinkO.Domin", "LinkO.Domin\LinkO.Domin.csproj", "{DF571BB9-7997-486A-918E-73EB42F3F134}"
EndProject
Project("{FAE04EC0-301F-11D3-BF4B-00C04F79EFBC}") = "LinkO.Service", "LinkO.Service\LinkO.Service.csproj", "{4BD1AB28-E467-43A4-8A54-9B5E818091D9}"
EndProject
Project("{FAE04EC0-301F-11D3-BF4B-00C04F79EFBC}") = "LinkO.ServiceAbstraction", "LinkO.ServiceAbstraction\LinkO.ServiceAbstraction.csproj", "{96DBA985-9B80-449F-A7E3-C6B3BC1D4F4C}"
EndProject
Project("{FAE04EC0-301F-11D3-BF4B-00C04F79EFBC}") = "LinkO.Persistence", "LinkO.Persistence\LinkO.Persistence.csproj", "{703C17F9-EE38-4AB2-85BE-CE7841C5B067}"
EndProject
Project("{FAE04EC0-301F-11D3-BF4B-00C04F79EFBC}") = "LinkO.Presentation", "LinkO.Presentation\LinkO.Presentation.csproj", "{B35F3BF5-FD40-4553-893D-B4D417C2A6FB}"
EndProject
Project("{FAE04EC0-301F-11D3-BF4B-00C04F79EFBC}") = "LinkO.Shared", "LinkO.Shared\LinkO.Shared.csproj", "{CA2E70CF-A5DC-4EFB-B3B3-A3BFFEAD65EC}"
EndProject
Global
	GlobalSection(SolutionConfigurationPlatforms) = preSolution
		Debug|Any CPU = Debug|Any CPU
		Release|Any CPU = Release|Any CPU
	EndGlobalSection
	GlobalSection(ProjectConfigurationPlatforms) = postSolution
		{30314FD3-0E0F-4F86-A45A-D1F8CE994D68}.Debug|Any CPU.ActiveCfg = Debug|Any CPU
		{30314FD3-0E0F-4F86-A45A-D1F8CE994D68}.Debug|Any CPU.Build.0 = Debug|Any CPU
		{30314FD3-0E0F-4F86-A45A-D1F8CE994D68}.Release|Any CPU.ActiveCfg = Release|Any CPU
		{30314FD3-0E0F-4F86-A45A-D1F8CE994D68}.Release|Any CPU.Build.0 = Release|Any CPU
		{DF571BB9-7997-486A-918E-73EB42F3F134}.Debug|Any CPU.ActiveCfg = Debug|Any CPU
		{DF571BB9-7997-486A-918E-73EB42F3F134}.Debug|Any CPU.Build.0 = Debug|Any CPU
		{DF571BB9-7997-486A-918E-73EB42F3F134}.Release|Any CPU.ActiveCfg = Release|Any CPU
		{DF571BB9-7997-486A-918E-73EB42F3F134}.Release|Any CPU.Build.0 = Release|Any CPU
		{4BD1AB28-E467-43A4-8A54-9B5E818091D9}.Debug|Any CPU.ActiveCfg = Debug|Any CPU
		{4BD1AB28-E467-43A4-8A54-9B5E818091D9}.Debug|Any CPU.Build.0 = Debug|Any CPU
		{4BD1AB28-E467-43A4-8A54-9B5E818091D9}.Release|Any CPU.ActiveCfg = Release|Any CPU
		{4BD1AB28-E467-43A4-8A54-9B5E818091D9}.Release|Any CPU.Build.0 = Release|Any CPU
		{96DBA985-9B80-449F-A7E3-C6B3BC1D4F4C}.Debug|Any CPU.ActiveCfg = Debug|Any CPU
		{96DBA985-9B80-449F-A7E3-C6B3BC1D4F4C}.Debug|Any CPU.Build.0 = Debug|Any CPU
		{96DBA985-9B80-449F-A7E3-C6B3BC1D4F4C}.Release|Any CPU.ActiveCfg = Release|Any CPU
		{96DBA985-9B80-449F-A7E3-C6B3BC1D4F4C}.Release|Any CPU.Build.0 = Release|Any CPU
		{703C17F9-EE38-4AB2-85BE-CE7841C5B067}.Debug|Any CPU.ActiveCfg = Debug|Any CPU
		{703C17F9-EE38-4AB2-85BE-CE7841C5B067}.Debug|Any CPU.Build.0 = Debug|Any CPU
		{703C17F9-EE38-4AB2-85BE-CE7841C5B067}.Release|Any CPU.ActiveCfg = Release|Any CPU
		{703C17F9-EE38-4AB2-85BE-CE7841C5B067}.Release|Any CPU.Build.0 = Release|Any CPU
		{B35F3BF5-FD40-4553-893D-B4D417C2A6FB}.Debug|Any CPU.ActiveCfg = Debug|Any CPU
		{B35F3BF5-FD40-4553-893D-B4D417C2A6FB}.Debug|Any CPU.Build.0 = Debug|Any CPU
		{B35F3BF5-FD40-4553-893D-B4D417C2A6FB}.Release|Any CPU.ActiveCfg = Release|Any CPU
		{B35F3BF5-FD40-4553-893D-B4D417C2A6FB}.Release|Any CPU.Build.0 = Release|Any CPU
		{CA2E70CF-A5DC-4EFB-B3B3-A3BFFEAD65EC}.Debug|Any CPU.ActiveCfg = Debug|Any CPU
		{CA2E70CF-A5DC-4EFB-B3B3-A3BFFEAD65EC}.Debug|Any CPU.Build.0 = Debug|Any CPU
		{CA2E70CF-A5DC-4EFB-B3B3-A3BFFEAD65EC}.Release|Any CPU.ActiveCfg = Release|Any CPU
		{CA2E70CF-A5DC-4EFB-B3B3-A3BFFEAD65EC}.Release|Any CPU.Build.0 = Release|Any CPU
	EndGlobalSection
	GlobalSection(SolutionProperties) = preSolution
		HideSolutionNode = FALSE
	EndGlobalSection
	GlobalSection(NestedProjects) = preSolution
		{30314FD3-0E0F-4F86-A45A-D1F8CE994D68} = {C70A8F95-0F94-426C-8CCC-7A146497CC89}
		{DF571BB9-7997-486A-918E-73EB42F3F134} = {21C6E795-F4E5-4BFD-A9EF-AF2509BF817F}
		{4BD1AB28-E467-43A4-8A54-9B5E818091D9} = {21C6E795-F4E5-4BFD-A9EF-AF2509BF817F}
		{96DBA985-9B80-449F-A7E3-C6B3BC1D4F4C} = {21C6E795-F4E5-4BFD-A9EF-AF2509BF817F}
		{703C17F9-EE38-4AB2-85BE-CE7841C5B067} = {5AB3F62B-13DF-4DDA-B4A4-8E020162498D}
		{B35F3BF5-FD40-4553-893D-B4D417C2A6FB} = {C70A8F95-0F94-426C-8CCC-7A146497CC89}
	EndGlobalSection
	GlobalSection(ExtensibilityGlobals) = postSolution
		SolutionGuid = {25FEB26D-3F54-4749-AFD4-D894BBCBEC4A}
	EndGlobalSection
EndGlobal
